
Microsoft Visual Studio Solution File, Format Version 12.00
# Visual Studio Version 16
VisualStudioVersion = 16.0.29318.209
MinimumVisualStudioVersion = 10.0.40219.1
Project("{9A19103F-16F7-4668-BE54-9A1E7A4F7556}") = "ScallopShellProject", "ScallopShellProject\ScallopShellProject.csproj", "{EE593C80-094B-4E7A-A62F-591BB867A53C}"
EndProject
Project("{FAE04EC0-301F-11D3-BF4B-00C04F79EFBC}") = "DataProj", "DataProj\DataProj.csproj", "{65DD256A-3FA0-4554-BD3B-345F0921CEC1}"
EndProject
Global
	GlobalSection(SolutionConfigurationPlatforms) = preSolution
		Debug|Any CPU = Debug|Any CPU
		Release|Any CPU = Release|Any CPU
	EndGlobalSection
	GlobalSection(ProjectConfigurationPlatforms) = postSolution
		{EE593C80-094B-4E7A-A62F-591BB867A53C}.Debug|Any CPU.ActiveCfg = Debug|Any CPU
		{EE593C80-094B-4E7A-A62F-591BB867A53C}.Debug|Any CPU.Build.0 = Debug|Any CPU
		{EE593C80-094B-4E7A-A62F-591BB867A53C}.Release|Any CPU.ActiveCfg = Release|Any CPU
		{EE593C80-094B-4E7A-A62F-591BB867A53C}.Release|Any CPU.Build.0 = Release|Any CPU
		{65DD256A-3FA0-4554-BD3B-345F0921CEC1}.Debug|Any CPU.ActiveCfg = Debug|Any CPU
		{65DD256A-3FA0-4554-BD3B-345F0921CEC1}.Debug|Any CPU.Build.0 = Debug|Any CPU
		{65DD256A-3FA0-4554-BD3B-345F0921CEC1}.Release|Any CPU.ActiveCfg = Release|Any CPU
		{65DD256A-3FA0-4554-BD3B-345F0921CEC1}.Release|Any CPU.Build.0 = Release|Any CPU
	EndGlobalSection
	GlobalSection(SolutionProperties) = preSolution
		HideSolutionNode = FALSE
	EndGlobalSection
	GlobalSection(ExtensibilityGlobals) = postSolution
		SolutionGuid = {A560D984-A4BA-434C-AC97-0BCFA73417AF}
	EndGlobalSection
EndGlobal
